
Microsoft Visual Studio Solution File, Format Version 12.00
Project("{FAE04EC0-301F-11D3-BF4B-00C04F79EFBC}") = "Entities", "Entities\Entities.csproj", "{6AC59AE1-4A9C-464B-BB9E-32EECC38B6FD}"
EndProject
Project("{FAE04EC0-301F-11D3-BF4B-00C04F79EFBC}") = "WebAPI", "WebAPI\WebAPI.csproj", "{6BEC9CC8-CEDE-452A-A88C-9093C1CA4B63}"
EndProject
Project("{FAE04EC0-301F-11D3-BF4B-00C04F79EFBC}") = "BlazorApp1", "BlazorApp1\BlazorApp1.csproj", "{CEC8A9AC-72F4-4618-A46B-1C4671570F43}"
EndProject
Global
	GlobalSection(SolutionConfigurationPlatforms) = preSolution
		Debug|Any CPU = Debug|Any CPU
		Release|Any CPU = Release|Any CPU
	EndGlobalSection
	GlobalSection(ProjectConfigurationPlatforms) = postSolution
		{6BEC9CC8-CEDE-452A-A88C-9093C1CA4B63}.Debug|Any CPU.ActiveCfg = Debug|Any CPU
		{6BEC9CC8-CEDE-452A-A88C-9093C1CA4B63}.Debug|Any CPU.Build.0 = Debug|Any CPU
		{6BEC9CC8-CEDE-452A-A88C-9093C1CA4B63}.Release|Any CPU.ActiveCfg = Release|Any CPU
		{6BEC9CC8-CEDE-452A-A88C-9093C1CA4B63}.Release|Any CPU.Build.0 = Release|Any CPU
		{CEC8A9AC-72F4-4618-A46B-1C4671570F43}.Debug|Any CPU.ActiveCfg = Debug|Any CPU
		{CEC8A9AC-72F4-4618-A46B-1C4671570F43}.Debug|Any CPU.Build.0 = Debug|Any CPU
		{CEC8A9AC-72F4-4618-A46B-1C4671570F43}.Release|Any CPU.ActiveCfg = Release|Any CPU
		{CEC8A9AC-72F4-4618-A46B-1C4671570F43}.Release|Any CPU.Build.0 = Release|Any CPU
		{6AC59AE1-4A9C-464B-BB9E-32EECC38B6FD}.Debug|Any CPU.ActiveCfg = Debug|Any CPU
		{6AC59AE1-4A9C-464B-BB9E-32EECC38B6FD}.Debug|Any CPU.Build.0 = Debug|Any CPU
	EndGlobalSection
EndGlobal
